// !$*UTF8*$!
{
	archiveVersion = 1;
	classes = {
	};
	objectVersion = 46;
	objects = {

/* Begin PBXBuildFile section */
		102E41DC1F30882200276322 /* AppDelegate.swift in Sources */ = {isa = PBXBuildFile; fileRef = 102E41DB1F30882200276322 /* AppDelegate.swift */; };
		102E41DE1F30882200276322 /* ViewController.swift in Sources */ = {isa = PBXBuildFile; fileRef = 102E41DD1F30882200276322 /* ViewController.swift */; };
		102E41E11F30882200276322 /* Main.storyboard in Resources */ = {isa = PBXBuildFile; fileRef = 102E41DF1F30882200276322 /* Main.storyboard */; };
		102E41E31F30882200276322 /* Assets.xcassets in Resources */ = {isa = PBXBuildFile; fileRef = 102E41E21F30882200276322 /* Assets.xcassets */; };
		102E41E61F30882200276322 /* LaunchScreen.storyboard in Resources */ = {isa = PBXBuildFile; fileRef = 102E41E41F30882200276322 /* LaunchScreen.storyboard */; };
		102E41EF1F308A9100276322 /* VSLoaderView.swift in Sources */ = {isa = PBXBuildFile; fileRef = 102E41EE1F308A9100276322 /* VSLoaderView.swift */; };
/* End PBXBuildFile section */

/* Begin PBXFileReference section */
		102E41D81F30882200276322 /* LoaderView.app */ = {isa = PBXFileReference; explicitFileType = wrapper.application; includeInIndex = 0; path = LoaderView.app; sourceTree = BUILT_PRODUCTS_DIR; };
		102E41DB1F30882200276322 /* AppDelegate.swift */ = {isa = PBXFileReference; lastKnownFileType = sourcecode.swift; path = AppDelegate.swift; sourceTree = "<group>"; };
		102E41DD1F30882200276322 /* ViewController.swift */ = {isa = PBXFileReference; lastKnownFileType = sourcecode.swift; path = ViewController.swift; sourceTree = "<group>"; };
		102E41E01F30882200276322 /* Base */ = {isa = PBXFileReference; lastKnownFileType = file.storyboard; name = Base; path = Base.lproj/Main.storyboard; sourceTree = "<group>"; };
		102E41E21F30882200276322 /* Assets.xcassets */ = {isa = PBXFileReference; lastKnownFileType = folder.assetcatalog; path = Assets.xcassets; sourceTree = "<group>"; };
		102E41E51F30882200276322 /* Base */ = {isa = PBXFileReference; lastKnownFileType = file.storyboard; name = Base; path = Base.lproj/LaunchScreen.storyboard; sourceTree = "<group>"; };
		102E41E71F30882200276322 /* Info.plist */ = {isa = PBXFileReference; lastKnownFileType = text.plist.xml; path = Info.plist; sourceTree = "<group>"; };
		102E41EE1F308A9100276322 /* VSLoaderView.swift */ = {isa = PBXFileReference; fileEncoding = 4; lastKnownFileType = sourcecode.swift; path = VSLoaderView.swift; sourceTree = "<group>"; };
/* End PBXFileReference section */

/* Begin PBXFrameworksBuildPhase section */
		102E41D51F30882200276322 /* Frameworks */ = {
			isa = PBXFrameworksBuildPhase;
			buildActionMask = 2147483647;
			files = (
			);
			runOnlyForDeploymentPostprocessing = 0;
		};
/* End PBXFrameworksBuildPhase section */

/* Begin PBXGroup section */
		102E41CF1F30882200276322 = {
			isa = PBXGroup;
			children = (
				102E41ED1F308A7E00276322 /* Lib */,
				102E41DA1F30882200276322 /* LoaderView */,
				102E41D91F30882200276322 /* Products */,
			);
			sourceTree = "<group>";
		};
		102E41D91F30882200276322 /* Products */ = {
			isa = PBXGroup;
			children = (
				102E41D81F30882200276322 /* LoaderView.app */,
			);
			name = Products;
			sourceTree = "<group>";
		};
		102E41DA1F30882200276322 /* LoaderView */ = {
			isa = PBXGroup;
			children = (
				102E41DB1F30882200276322 /* AppDelegate.swift */,
				102E41DD1F30882200276322 /* ViewController.swift */,
				102E41DF1F30882200276322 /* Main.storyboard */,
				102E41E21F30882200276322 /* Assets.xcassets */,
				102E41E41F30882200276322 /* LaunchScreen.storyboard */,
				102E41E71F30882200276322 /* Info.plist */,
			);
			path = LoaderView;
			sourceTree = "<group>";
		};
		102E41ED1F308A7E00276322 /* Lib */ = {
			isa = PBXGroup;
			children = (
				102E41EE1F308A9100276322 /* VSLoaderView.swift */,
			);
			path = Lib;
			sourceTree = "<group>";
		};
/* End PBXGroup section */

/* Begin PBXNativeTarget section */
		102E41D71F30882200276322 /* LoaderView */ = {
			isa = PBXNativeTarget;
			buildConfigurationList = 102E41EA1F30882200276322 /* Build configuration list for PBXNativeTarget "LoaderView" */;
			buildPhases = (
				102E41D41F30882200276322 /* Sources */,
				102E41D51F30882200276322 /* Frameworks */,
				102E41D61F30882200276322 /* Resources */,
			);
			buildRules = (
			);
			dependencies = (
			);
			name = LoaderView;
			productName = LoaderView;
			productReference = 102E41D81F30882200276322 /* LoaderView.app */;
			productType = "com.apple.product-type.application";
		};
/* End PBXNativeTarget section */

/* Begin PBXProject section */
		102E41D01F30882200276322 /* Project object */ = {
			isa = PBXProject;
			attributes = {
				LastSwiftUpdateCheck = 0830;
				LastUpgradeCheck = 0830;
				ORGANIZATIONNAME = "Sathyanarayanan V";
				TargetAttributes = {
					102E41D71F30882200276322 = {
						CreatedOnToolsVersion = 8.3.3;
						ProvisioningStyle = Automatic;
					};
				};
			};
			buildConfigurationList = 102E41D31F30882200276322 /* Build configuration list for PBXProject "LoaderView" */;
			compatibilityVersion = "Xcode 3.2";
			developmentRegion = English;
			hasScannedForEncodings = 0;
			knownRegions = (
				en,
				Base,
			);
			mainGroup = 102E41CF1F30882200276322;
			productRefGroup = 102E41D91F30882200276322 /* Products */;
			projectDirPath = "";
			projectRoot = "";
			targets = (
				102E41D71F30882200276322 /* LoaderView */,
			);
		};
/* End PBXProject section */

/* Begin PBXResourcesBuildPhase section */
		102E41D61F30882200276322 /* Resources */ = {
			isa = PBXResourcesBuildPhase;
			buildActionMask = 2147483647;
			files = (
				102E41E61F30882200276322 /* LaunchScreen.storyboard in Resources */,
				102E41E31F30882200276322 /* Assets.xcassets in Resources */,
				102E41E11F30882200276322 /* Main.storyboard in Resources */,
			);
			runOnlyForDeploymentPostprocessing = 0;
		};
/* End PBXResourcesBuildPhase section */

/* Begin PBXSourcesBuildPhase section */
		102E41D41F30882200276322 /* Sources */ = {
			isa = PBXSourcesBuildPhase;
			buildActionMask = 2147483647;
			files = (
				102E41DE1F30882200276322 /* ViewController.swift in Sources */,
				102E41EF1F308A9100276322 /* VSLoaderView.swift in Sources */,
				102E41DC1F30882200276322 /* AppDelegate.swift in Sources */,
			);
			runOnlyForDeploymentPostprocessing = 0;
		};
/* End PBXSourcesBuildPhase section */

/* Begin PBXVariantGroup section */
		102E41DF1F30882200276322 /* Main.storyboard */ = {
			isa = PBXVariantGroup;
			children = (
				102E41E01F30882200276322 /* Base */,
			);
			name = Main.storyboard;
			sourceTree = "<group>";
		};
		102E41E41F30882200276322 /* LaunchScreen.storyboard */ = {
			isa = PBXVariantGroup;
			children = (
				102E41E51F30882200276322 /* Base */,
			);
			name = LaunchScreen.storyboard;
			sourceTree = "<group>";
		};
/* End PBXVariantGroup section */

/* Begin XCBuildConfiguration section */
		102E41E81F30882200276322 /* Debug */ = {
			isa = XCBuildConfiguration;
			buildSettings = {
				ALWAYS_SEARCH_USER_PATHS = NO;
				CLANG_ANALYZER_NONNULL = YES;
				CLANG_ANALYZER_NUMBER_OBJECT_CONVERSION = YES_AGGRESSIVE;
				CLANG_CXX_LANGUAGE_STANDARD = "gnu++0x";
				CLANG_CXX_LIBRARY = "libc++";
				CLANG_ENABLE_MODULES = YES;
				CLANG_ENABLE_OBJC_ARC = YES;
				CLANG_WARN_BOOL_CONVERSION = YES;
				CLANG_WARN_CONSTANT_CONVERSION = YES;
				CLANG_WARN_DIRECT_OBJC_ISA_USAGE = YES_ERROR;
				CLANG_WARN_DOCUMENTATION_COMMENTS = YES;
				CLANG_WARN_EMPTY_BODY = YES;
				CLANG_WARN_ENUM_CONVERSION = YES;
				CLANG_WARN_INFINITE_RECURSION = YES;
				CLANG_WARN_INT_CONVERSION = YES;
				CLANG_WARN_OBJC_ROOT_CLASS = YES_ERROR;
				CLANG_WARN_SUSPICIOUS_MOVE = YES;
				CLANG_WARN_UNREACHABLE_CODE = YES;
				CLANG_WARN__DUPLICATE_METHOD_MATCH = YES;
				"CODE_SIGN_IDENTITY[sdk=iphoneos*]" = "iPhone Developer";
				COPY_PHASE_STRIP = NO;
				DEBUG_INFORMATION_FORMAT = dwarf;
				ENABLE_STRICT_OBJC_MSGSEND = YES;
				ENABLE_TESTABILITY = YES;
				GCC_C_LANGUAGE_STANDARD = gnu99;
				GCC_DYNAMIC_NO_PIC = NO;
				GCC_NO_COMMON_BLOCKS = YES;
				GCC_OPTIMIZATION_LEVEL = 0;
				GCC_PREPROCESSOR_DEFINITIONS = (
					"DEBUG=1",
					"$(inherited)",
				);
				GCC_WARN_64_TO_32_BIT_CONVERSION = YES;
				GCC_WARN_ABOUT_RETURN_TYPE = YES_ERROR;
				GCC_WARN_UNDECLARED_SELECTOR = YES;
				GCC_WARN_UNINITIALIZED_AUTOS = YES_AGGRESSIVE;
				GCC_WARN_UNUSED_FUNCTION = YES;
				GCC_WARN_UNUSED_VARIABLE = YES;
				IPHONEOS_DEPLOYMENT_TARGET = 10.3;
				MTL_ENABLE_DEBUG_INFO = YES;
				ONLY_ACTIVE_ARCH = YES;
				SDKROOT = iphoneos;
				SWIFT_ACTIVE_COMPILATION_CONDITIONS = DEBUG;
				SWIFT_OPTIMIZATION_LEVEL = "-Onone";
				TARGETED_DEVICE_FAMILY = "1,2";
			};
			name = Debug;
		};
		102E41E91F30882200276322 /* Release */ = {
			isa = XCBuildConfiguration;
			buildSettings = {
				ALWAYS_SEARCH_USER_PATHS = NO;
				CLANG_ANALYZER_NONNULL = YES;
				CLANG_ANALYZER_NUMBER_OBJECT_CONVERSION = YES_AGGRESSIVE;
				CLANG_CXX_LANGUAGE_STANDARD = "gnu++0x";
				CLANG_CXX_LIBRARY = "libc++";
				CLANG_ENABLE_MODULES = YES;
				CLANG_ENABLE_OBJC_ARC = YES;
				CLANG_WARN_BOOL_CONVERSION = YES;
				CLANG_WARN_CONSTANT_CONVERSION = YES;
				CLANG_WARN_DIRECT_OBJC_ISA_USAGE = YES_ERROR;
				CLANG_WARN_DOCUMENTATION_COMMENTS = YES;
				CLANG_WARN_EMPTY_BODY = YES;
				CLANG_WARN_ENUM_CONVERSION = YES;
				CLANG_WARN_INFINITE_RECURSION = YES;
				CLANG_WARN_INT_CONVERSION = YES;
				CLANG_WARN_OBJC_ROOT_CLASS = YES_ERROR;
				CLANG_WARN_SUSPICIOUS_MOVE = YES;
				CLANG_WARN_UNREACHABLE_CODE = YES;
				CLANG_WARN__DUPLICATE_METHOD_MATCH = YES;
				"CODE_SIGN_IDENTITY[sdk=iphoneos*]" = "iPhone Developer";
				COPY_PHASE_STRIP = NO;
				DEBUG_INFORMATION_FORMAT = "dwarf-with-dsym";
				ENABLE_NS_ASSERTIONS = NO;
				ENABLE_STRICT_OBJC_MSGSEND = YES;
				GCC_C_LANGUAGE_STANDARD = gnu99;
				GCC_NO_COMMON_BLOCKS = YES;
				GCC_WARN_64_TO_32_BIT_CONVERSION = YES;
				GCC_WARN_ABOUT_RETURN_TYPE = YES_ERROR;
				GCC_WARN_UNDECLARED_SELECTOR = YES;
				GCC_WARN_UNINITIALIZED_AUTOS = YES_AGGRESSIVE;
				GCC_WARN_UNUSED_FUNCTION = YES;
				GCC_WARN_UNUSED_VARIABLE = YES;
				IPHONEOS_DEPLOYMENT_TARGET = 10.3;
				MTL_ENABLE_DEBUG_INFO = NO;
				SDKROOT = iphoneos;
				SWIFT_OPTIMIZATION_LEVEL = "-Owholemodule";
				TARGETED_DEVICE_FAMILY = "1,2";
				VALIDATE_PRODUCT = YES;
			};
			name = Release;
		};
		102E41EB1F30882200276322 /* Debug */ = {
			isa = XCBuildConfiguration;
			buildSettings = {
				ASSETCATALOG_COMPILER_APPICON_NAME = AppIcon;
				INFOPLIST_FILE = LoaderView/Info.plist;
				LD_RUNPATH_SEARCH_PATHS = "$(inherited) @executable_path/Frameworks";
				PRODUCT_BUNDLE_IDENTIFIER = VS.LoaderView;
				PRODUCT_NAME = "$(TARGET_NAME)";
				SWIFT_VERSION = 3.0;
			};
			name = Debug;
		};
		102E41EC1F30882200276322 /* Release */ = {
			isa = XCBuildConfiguration;
			buildSettings = {
				ASSETCATALOG_COMPILER_APPICON_NAME = AppIcon;
				INFOPLIST_FILE = LoaderView/Info.plist;
				LD_RUNPATH_SEARCH_PATHS = "$(inherited) @executable_path/Frameworks";
				PRODUCT_BUNDLE_IDENTIFIER = VS.LoaderView;
				PRODUCT_NAME = "$(TARGET_NAME)";
				SWIFT_VERSION = 3.0;
			};
			name = Release;
		};
/* End XCBuildConfiguration section */

/* Begin XCConfigurationList section */
		102E41D31F30882200276322 /* Build configuration list for PBXProject "LoaderView" */ = {
			isa = XCConfigurationList;
			buildConfigurations = (
				102E41E81F30882200276322 /* Debug */,
				102E41E91F30882200276322 /* Release */,
			);
			defaultConfigurationIsVisible = 0;
			defaultConfigurationName = Release;
		};
		102E41EA1F30882200276322 /* Build configuration list for PBXNativeTarget "LoaderView" */ = {
			isa = XCConfigurationList;
			buildConfigurations = (
				102E41EB1F30882200276322 /* Debug */,
				102E41EC1F30882200276322 /* Release */,
			);
			defaultConfigurationIsVisible = 0;
			defaultConfigurationName = Release;
		};
/* End XCConfigurationList section */
	};
	rootObject = 102E41D01F30882200276322 /* Project object */;
}
